
Microsoft Visual Studio Solution File, Format Version 12.00
# Visual Studio Version 17
VisualStudioVersion = 17.2.32616.157
MinimumVisualStudioVersion = 10.0.40219.1
Project("{FAE04EC0-301F-11D3-BF4B-00C04F79EFBC}") = "EClerx.ADO.Day14", "EClerx.ADO.Day14\EClerx.ADO.Day14.csproj", "{0386BE3E-2DDA-46D9-B7B6-3E5152CA1995}"
EndProject
Global
	GlobalSection(SolutionConfigurationPlatforms) = preSolution
		Debug|Any CPU = Debug|Any CPU
		Release|Any CPU = Release|Any CPU
	EndGlobalSection
	GlobalSection(ProjectConfigurationPlatforms) = postSolution
		{0386BE3E-2DDA-46D9-B7B6-3E5152CA1995}.Debug|Any CPU.ActiveCfg = Debug|Any CPU
		{0386BE3E-2DDA-46D9-B7B6-3E5152CA1995}.Debug|Any CPU.Build.0 = Debug|Any CPU
		{0386BE3E-2DDA-46D9-B7B6-3E5152CA1995}.Release|Any CPU.ActiveCfg = Release|Any CPU
		{0386BE3E-2DDA-46D9-B7B6-3E5152CA1995}.Release|Any CPU.Build.0 = Release|Any CPU
	EndGlobalSection
	GlobalSection(SolutionProperties) = preSolution
		HideSolutionNode = FALSE
	EndGlobalSection
	GlobalSection(ExtensibilityGlobals) = postSolution
		SolutionGuid = {77740FC1-F38A-40BC-9FA1-DA8BF3EA501E}
	EndGlobalSection
EndGlobal
